
Microsoft Visual Studio Solution File, Format Version 12.00
# Visual Studio Version 16
VisualStudioVersion = 16.0.29411.108
MinimumVisualStudioVersion = 10.0.40219.1
Project("{FAE04EC0-301F-11D3-BF4B-00C04F79EFBC}") = "Homework_Nanotec", "Homework_Nanotec\Homework_Nanotec.csproj", "{FC8B06E3-09F3-4BBB-8E1D-26526C6EA04E}"
EndProject
Global
	GlobalSection(SolutionConfigurationPlatforms) = preSolution
		Debug|Any CPU = Debug|Any CPU
		Release|Any CPU = Release|Any CPU
	EndGlobalSection
	GlobalSection(ProjectConfigurationPlatforms) = postSolution
		{FC8B06E3-09F3-4BBB-8E1D-26526C6EA04E}.Debug|Any CPU.ActiveCfg = Debug|Any CPU
		{FC8B06E3-09F3-4BBB-8E1D-26526C6EA04E}.Debug|Any CPU.Build.0 = Debug|Any CPU
		{FC8B06E3-09F3-4BBB-8E1D-26526C6EA04E}.Release|Any CPU.ActiveCfg = Release|Any CPU
		{FC8B06E3-09F3-4BBB-8E1D-26526C6EA04E}.Release|Any CPU.Build.0 = Release|Any CPU
	EndGlobalSection
	GlobalSection(SolutionProperties) = preSolution
		HideSolutionNode = FALSE
	EndGlobalSection
	GlobalSection(ExtensibilityGlobals) = postSolution
		SolutionGuid = {E6510099-EC83-472D-B8C1-154F2C4F4728}
	EndGlobalSection
EndGlobal
